// !$*UTF8*$!
{
	archiveVersion = 1;
	classes = {
	};
	objectVersion = 48;
	objects = {

/* Begin PBXBuildFile section */
		6E4C6D582178980200BB7D97 /* AppDelegate.swift in Sources */ = {isa = PBXBuildFile; fileRef = 6E4C6D572178980200BB7D97 /* AppDelegate.swift */; };
		6E4C6D5A2178980200BB7D97 /* ViewController.swift in Sources */ = {isa = PBXBuildFile; fileRef = 6E4C6D592178980200BB7D97 /* ViewController.swift */; };
		6E4C6D5D2178980200BB7D97 /* Main.storyboard in Resources */ = {isa = PBXBuildFile; fileRef = 6E4C6D5B2178980200BB7D97 /* Main.storyboard */; };
		6E4C6D5F2178980200BB7D97 /* Assets.xcassets in Resources */ = {isa = PBXBuildFile; fileRef = 6E4C6D5E2178980200BB7D97 /* Assets.xcassets */; };
		6E4C6D622178980200BB7D97 /* LaunchScreen.storyboard in Resources */ = {isa = PBXBuildFile; fileRef = 6E4C6D602178980200BB7D97 /* LaunchScreen.storyboard */; };
		6E4C6D6D2178980300BB7D97 /* CarousefigureSwiftTests.swift in Sources */ = {isa = PBXBuildFile; fileRef = 6E4C6D6C2178980300BB7D97 /* CarousefigureSwiftTests.swift */; };
		6E4C6D782178980300BB7D97 /* CarousefigureSwiftUITests.swift in Sources */ = {isa = PBXBuildFile; fileRef = 6E4C6D772178980300BB7D97 /* CarousefigureSwiftUITests.swift */; };
/* End PBXBuildFile section */

/* Begin PBXContainerItemProxy section */
		6E4C6D692178980300BB7D97 /* PBXContainerItemProxy */ = {
			isa = PBXContainerItemProxy;
			containerPortal = 6E4C6D4C2178980200BB7D97 /* Project object */;
			proxyType = 1;
			remoteGlobalIDString = 6E4C6D532178980200BB7D97;
			remoteInfo = CarousefigureSwift;
		};
		6E4C6D742178980300BB7D97 /* PBXContainerItemProxy */ = {
			isa = PBXContainerItemProxy;
			containerPortal = 6E4C6D4C2178980200BB7D97 /* Project object */;
			proxyType = 1;
			remoteGlobalIDString = 6E4C6D532178980200BB7D97;
			remoteInfo = CarousefigureSwift;
		};
/* End PBXContainerItemProxy section */

/* Begin PBXFileReference section */
		6E4C6D542178980200BB7D97 /* CarousefigureSwift.app */ = {isa = PBXFileReference; explicitFileType = wrapper.application; includeInIndex = 0; path = CarousefigureSwift.app; sourceTree = BUILT_PRODUCTS_DIR; };
		6E4C6D572178980200BB7D97 /* AppDelegate.swift */ = {isa = PBXFileReference; lastKnownFileType = sourcecode.swift; path = AppDelegate.swift; sourceTree = "<group>"; };
		6E4C6D592178980200BB7D97 /* ViewController.swift */ = {isa = PBXFileReference; lastKnownFileType = sourcecode.swift; path = ViewController.swift; sourceTree = "<group>"; };
		6E4C6D5C2178980200BB7D97 /* Base */ = {isa = PBXFileReference; lastKnownFileType = file.storyboard; name = Base; path = Base.lproj/Main.storyboard; sourceTree = "<group>"; };
		6E4C6D5E2178980200BB7D97 /* Assets.xcassets */ = {isa = PBXFileReference; lastKnownFileType = folder.assetcatalog; path = Assets.xcassets; sourceTree = "<group>"; };
		6E4C6D612178980200BB7D97 /* Base */ = {isa = PBXFileReference; lastKnownFileType = file.storyboard; name = Base; path = Base.lproj/LaunchScreen.storyboard; sourceTree = "<group>"; };
		6E4C6D632178980200BB7D97 /* Info.plist */ = {isa = PBXFileReference; lastKnownFileType = text.plist.xml; path = Info.plist; sourceTree = "<group>"; };
		6E4C6D682178980300BB7D97 /* CarousefigureSwiftTests.xctest */ = {isa = PBXFileReference; explicitFileType = wrapper.cfbundle; includeInIndex = 0; path = CarousefigureSwiftTests.xctest; sourceTree = BUILT_PRODUCTS_DIR; };
		6E4C6D6C2178980300BB7D97 /* CarousefigureSwiftTests.swift */ = {isa = PBXFileReference; lastKnownFileType = sourcecode.swift; path = CarousefigureSwiftTests.swift; sourceTree = "<group>"; };
		6E4C6D6E2178980300BB7D97 /* Info.plist */ = {isa = PBXFileReference; lastKnownFileType = text.plist.xml; path = Info.plist; sourceTree = "<group>"; };
		6E4C6D732178980300BB7D97 /* CarousefigureSwiftUITests.xctest */ = {isa = PBXFileReference; explicitFileType = wrapper.cfbundle; includeInIndex = 0; path = CarousefigureSwiftUITests.xctest; sourceTree = BUILT_PRODUCTS_DIR; };
		6E4C6D772178980300BB7D97 /* CarousefigureSwiftUITests.swift */ = {isa = PBXFileReference; lastKnownFileType = sourcecode.swift; path = CarousefigureSwiftUITests.swift; sourceTree = "<group>"; };
		6E4C6D792178980300BB7D97 /* Info.plist */ = {isa = PBXFileReference; lastKnownFileType = text.plist.xml; path = Info.plist; sourceTree = "<group>"; };
/* End PBXFileReference section */

/* Begin PBXFrameworksBuildPhase section */
		6E4C6D512178980200BB7D97 /* Frameworks */ = {
			isa = PBXFrameworksBuildPhase;
			buildActionMask = 2147483647;
			files = (
			);
			runOnlyForDeploymentPostprocessing = 0;
		};
		6E4C6D652178980300BB7D97 /* Frameworks */ = {
			isa = PBXFrameworksBuildPhase;
			buildActionMask = 2147483647;
			files = (
			);
			runOnlyForDeploymentPostprocessing = 0;
		};
		6E4C6D702178980300BB7D97 /* Frameworks */ = {
			isa = PBXFrameworksBuildPhase;
			buildActionMask = 2147483647;
			files = (
			);
			runOnlyForDeploymentPostprocessing = 0;
		};
/* End PBXFrameworksBuildPhase section */

/* Begin PBXGroup section */
		6E4C6D4B2178980200BB7D97 = {
			isa = PBXGroup;
			children = (
				6E4C6D562178980200BB7D97 /* CarousefigureSwift */,
				6E4C6D6B2178980300BB7D97 /* CarousefigureSwiftTests */,
				6E4C6D762178980300BB7D97 /* CarousefigureSwiftUITests */,
				6E4C6D552178980200BB7D97 /* Products */,
			);
			sourceTree = "<group>";
		};
		6E4C6D552178980200BB7D97 /* Products */ = {
			isa = PBXGroup;
			children = (
				6E4C6D542178980200BB7D97 /* CarousefigureSwift.app */,
				6E4C6D682178980300BB7D97 /* CarousefigureSwiftTests.xctest */,
				6E4C6D732178980300BB7D97 /* CarousefigureSwiftUITests.xctest */,
			);
			name = Products;
			sourceTree = "<group>";
		};
		6E4C6D562178980200BB7D97 /* CarousefigureSwift */ = {
			isa = PBXGroup;
			children = (
				6E4C6D572178980200BB7D97 /* AppDelegate.swift */,
				6E4C6D592178980200BB7D97 /* ViewController.swift */,
				6E4C6D5B2178980200BB7D97 /* Main.storyboard */,
				6E4C6D5E2178980200BB7D97 /* Assets.xcassets */,
				6E4C6D602178980200BB7D97 /* LaunchScreen.storyboard */,
				6E4C6D632178980200BB7D97 /* Info.plist */,
			);
			path = CarousefigureSwift;
			sourceTree = "<group>";
		};
		6E4C6D6B2178980300BB7D97 /* CarousefigureSwiftTests */ = {
			isa = PBXGroup;
			children = (
				6E4C6D6C2178980300BB7D97 /* CarousefigureSwiftTests.swift */,
				6E4C6D6E2178980300BB7D97 /* Info.plist */,
			);
			path = CarousefigureSwiftTests;
			sourceTree = "<group>";
		};
		6E4C6D762178980300BB7D97 /* CarousefigureSwiftUITests */ = {
			isa = PBXGroup;
			children = (
				6E4C6D772178980300BB7D97 /* CarousefigureSwiftUITests.swift */,
				6E4C6D792178980300BB7D97 /* Info.plist */,
			);
			path = CarousefigureSwiftUITests;
			sourceTree = "<group>";
		};
/* End PBXGroup section */

/* Begin PBXNativeTarget section */
		6E4C6D532178980200BB7D97 /* CarousefigureSwift */ = {
			isa = PBXNativeTarget;
			buildConfigurationList = 6E4C6D7C2178980300BB7D97 /* Build configuration list for PBXNativeTarget "CarousefigureSwift" */;
			buildPhases = (
				6E4C6D502178980200BB7D97 /* Sources */,
				6E4C6D512178980200BB7D97 /* Frameworks */,
				6E4C6D522178980200BB7D97 /* Resources */,
			);
			buildRules = (
			);
			dependencies = (
			);
			name = CarousefigureSwift;
			productName = CarousefigureSwift;
			productReference = 6E4C6D542178980200BB7D97 /* CarousefigureSwift.app */;
			productType = "com.apple.product-type.application";
		};
		6E4C6D672178980300BB7D97 /* CarousefigureSwiftTests */ = {
			isa = PBXNativeTarget;
			buildConfigurationList = 6E4C6D7F2178980300BB7D97 /* Build configuration list for PBXNativeTarget "CarousefigureSwiftTests" */;
			buildPhases = (
				6E4C6D642178980300BB7D97 /* Sources */,
				6E4C6D652178980300BB7D97 /* Frameworks */,
				6E4C6D662178980300BB7D97 /* Resources */,
			);
			buildRules = (
			);
			dependencies = (
				6E4C6D6A2178980300BB7D97 /* PBXTargetDependency */,
			);
			name = CarousefigureSwiftTests;
			productName = CarousefigureSwiftTests;
			productReference = 6E4C6D682178980300BB7D97 /* CarousefigureSwiftTests.xctest */;
			productType = "com.apple.product-type.bundle.unit-test";
		};
		6E4C6D722178980300BB7D97 /* CarousefigureSwiftUITests */ = {
			isa = PBXNativeTarget;
			buildConfigurationList = 6E4C6D822178980300BB7D97 /* Build configuration list for PBXNativeTarget "CarousefigureSwiftUITests" */;
			buildPhases = (
				6E4C6D6F2178980300BB7D97 /* Sources */,
				6E4C6D702178980300BB7D97 /* Frameworks */,
				6E4C6D712178980300BB7D97 /* Resources */,
			);
			buildRules = (
			);
			dependencies = (
				6E4C6D752178980300BB7D97 /* PBXTargetDependency */,
			);
			name = CarousefigureSwiftUITests;
			productName = CarousefigureSwiftUITests;
			productReference = 6E4C6D732178980300BB7D97 /* CarousefigureSwiftUITests.xctest */;
			productType = "com.apple.product-type.bundle.ui-testing";
		};
/* End PBXNativeTarget section */

/* Begin PBXProject section */
		6E4C6D4C2178980200BB7D97 /* Project object */ = {
			isa = PBXProject;
			attributes = {
				LastSwiftUpdateCheck = 0910;
				LastUpgradeCheck = 0910;
				ORGANIZATIONNAME = wenze;
				TargetAttributes = {
					6E4C6D532178980200BB7D97 = {
						CreatedOnToolsVersion = 9.1;
						ProvisioningStyle = Automatic;
					};
					6E4C6D672178980300BB7D97 = {
						CreatedOnToolsVersion = 9.1;
						ProvisioningStyle = Automatic;
						TestTargetID = 6E4C6D532178980200BB7D97;
					};
					6E4C6D722178980300BB7D97 = {
						CreatedOnToolsVersion = 9.1;
						ProvisioningStyle = Automatic;
						TestTargetID = 6E4C6D532178980200BB7D97;
					};
				};
			};
			buildConfigurationList = 6E4C6D4F2178980200BB7D97 /* Build configuration list for PBXProject "CarousefigureSwift" */;
			compatibilityVersion = "Xcode 8.0";
			developmentRegion = en;
			hasScannedForEncodings = 0;
			knownRegions = (
				en,
				Base,
			);
			mainGroup = 6E4C6D4B2178980200BB7D97;
			productRefGroup = 6E4C6D552178980200BB7D97 /* Products */;
			projectDirPath = "";
			projectRoot = "";
			targets = (
				6E4C6D532178980200BB7D97 /* CarousefigureSwift */,
				6E4C6D672178980300BB7D97 /* CarousefigureSwiftTests */,
				6E4C6D722178980300BB7D97 /* CarousefigureSwiftUITests */,
			);
		};
/* End PBXProject section */

/* Begin PBXResourcesBuildPhase section */
		6E4C6D522178980200BB7D97 /* Resources */ = {
			isa = PBXResourcesBuildPhase;
			buildActionMask = 2147483647;
			files = (
				6E4C6D622178980200BB7D97 /* LaunchScreen.storyboard in Resources */,
				6E4C6D5F2178980200BB7D97 /* Assets.xcassets in Resources */,
				6E4C6D5D2178980200BB7D97 /* Main.storyboard in Resources */,
			);
			runOnlyForDeploymentPostprocessing = 0;
		};
		6E4C6D662178980300BB7D97 /* Resources */ = {
			isa = PBXResourcesBuildPhase;
			buildActionMask = 2147483647;
			files = (
			);
			runOnlyForDeploymentPostprocessing = 0;
		};
		6E4C6D712178980300BB7D97 /* Resources */ = {
			isa = PBXResourcesBuildPhase;
			buildActionMask = 2147483647;
			files = (
			);
			runOnlyForDeploymentPostprocessing = 0;
		};
/* End PBXResourcesBuildPhase section */

/* Begin PBXSourcesBuildPhase section */
		6E4C6D502178980200BB7D97 /* Sources */ = {
			isa = PBXSourcesBuildPhase;
			buildActionMask = 2147483647;
			files = (
				6E4C6D5A2178980200BB7D97 /* ViewController.swift in Sources */,
				6E4C6D582178980200BB7D97 /* AppDelegate.swift in Sources */,
			);
			runOnlyForDeploymentPostprocessing = 0;
		};
		6E4C6D642178980300BB7D97 /* Sources */ = {
			isa = PBXSourcesBuildPhase;
			buildActionMask = 2147483647;
			files = (
				6E4C6D6D2178980300BB7D97 /* CarousefigureSwiftTests.swift in Sources */,
			);
			runOnlyForDeploymentPostprocessing = 0;
		};
		6E4C6D6F2178980300BB7D97 /* Sources */ = {
			isa = PBXSourcesBuildPhase;
			buildActionMask = 2147483647;
			files = (
				6E4C6D782178980300BB7D97 /* CarousefigureSwiftUITests.swift in Sources */,
			);
			runOnlyForDeploymentPostprocessing = 0;
		};
/* End PBXSourcesBuildPhase section */

/* Begin PBXTargetDependency section */
		6E4C6D6A2178980300BB7D97 /* PBXTargetDependency */ = {
			isa = PBXTargetDependency;
			target = 6E4C6D532178980200BB7D97 /* CarousefigureSwift */;
			targetProxy = 6E4C6D692178980300BB7D97 /* PBXContainerItemProxy */;
		};
		6E4C6D752178980300BB7D97 /* PBXTargetDependency */ = {
			isa = PBXTargetDependency;
			target = 6E4C6D532178980200BB7D97 /* CarousefigureSwift */;
			targetProxy = 6E4C6D742178980300BB7D97 /* PBXContainerItemProxy */;
		};
/* End PBXTargetDependency section */

/* Begin PBXVariantGroup section */
		6E4C6D5B2178980200BB7D97 /* Main.storyboard */ = {
			isa = PBXVariantGroup;
			children = (
				6E4C6D5C2178980200BB7D97 /* Base */,
			);
			name = Main.storyboard;
			sourceTree = "<group>";
		};
		6E4C6D602178980200BB7D97 /* LaunchScreen.storyboard */ = {
			isa = PBXVariantGroup;
			children = (
				6E4C6D612178980200BB7D97 /* Base */,
			);
			name = LaunchScreen.storyboard;
			sourceTree = "<group>";
		};
/* End PBXVariantGroup section */

/* Begin XCBuildConfiguration section */
		6E4C6D7A2178980300BB7D97 /* Debug */ = {
			isa = XCBuildConfiguration;
			buildSettings = {
				ALWAYS_SEARCH_USER_PATHS = NO;
				CLANG_ANALYZER_NONNULL = YES;
				CLANG_ANALYZER_NUMBER_OBJECT_CONVERSION = YES_AGGRESSIVE;
				CLANG_CXX_LANGUAGE_STANDARD = "gnu++14";
				CLANG_CXX_LIBRARY = "libc++";
				CLANG_ENABLE_MODULES = YES;
				CLANG_ENABLE_OBJC_ARC = YES;
				CLANG_WARN_BLOCK_CAPTURE_AUTORELEASING = YES;
				CLANG_WARN_BOOL_CONVERSION = YES;
				CLANG_WARN_COMMA = YES;
				CLANG_WARN_CONSTANT_CONVERSION = YES;
				CLANG_WARN_DIRECT_OBJC_ISA_USAGE = YES_ERROR;
				CLANG_WARN_DOCUMENTATION_COMMENTS = YES;
				CLANG_WARN_EMPTY_BODY = YES;
				CLANG_WARN_ENUM_CONVERSION = YES;
				CLANG_WARN_INFINITE_RECURSION = YES;
				CLANG_WARN_INT_CONVERSION = YES;
				CLANG_WARN_NON_LITERAL_NULL_CONVERSION = YES;
				CLANG_WARN_OBJC_LITERAL_CONVERSION = YES;
				CLANG_WARN_OBJC_ROOT_CLASS = YES_ERROR;
				CLANG_WARN_RANGE_LOOP_ANALYSIS = YES;
				CLANG_WARN_STRICT_PROTOTYPES = YES;
				CLANG_WARN_SUSPICIOUS_MOVE = YES;
				CLANG_WARN_UNGUARDED_AVAILABILITY = YES_AGGRESSIVE;
				CLANG_WARN_UNREACHABLE_CODE = YES;
				CLANG_WARN__DUPLICATE_METHOD_MATCH = YES;
				CODE_SIGN_IDENTITY = "iPhone Developer";
				COPY_PHASE_STRIP = NO;
				DEBUG_INFORMATION_FORMAT = dwarf;
				ENABLE_STRICT_OBJC_MSGSEND = YES;
				ENABLE_TESTABILITY = YES;
				GCC_C_LANGUAGE_STANDARD = gnu11;
				GCC_DYNAMIC_NO_PIC = NO;
				GCC_NO_COMMON_BLOCKS = YES;
				GCC_OPTIMIZATION_LEVEL = 0;
				GCC_PREPROCESSOR_DEFINITIONS = (
					"DEBUG=1",
					"$(inherited)",
				);
				GCC_WARN_64_TO_32_BIT_CONVERSION = YES;
				GCC_WARN_ABOUT_RETURN_TYPE = YES_ERROR;
				GCC_WARN_UNDECLARED_SELECTOR = YES;
				GCC_WARN_UNINITIALIZED_AUTOS = YES_AGGRESSIVE;
				GCC_WARN_UNUSED_FUNCTION = YES;
				GCC_WARN_UNUSED_VARIABLE = YES;
				IPHONEOS_DEPLOYMENT_TARGET = 11.1;
				MTL_ENABLE_DEBUG_INFO = YES;
				ONLY_ACTIVE_ARCH = YES;
				SDKROOT = iphoneos;
				SWIFT_ACTIVE_COMPILATION_CONDITIONS = DEBUG;
				SWIFT_OPTIMIZATION_LEVEL = "-Onone";
			};
			name = Debug;
		};
		6E4C6D7B2178980300BB7D97 /* Release */ = {
			isa = XCBuildConfiguration;
			buildSettings = {
				ALWAYS_SEARCH_USER_PATHS = NO;
				CLANG_ANALYZER_NONNULL = YES;
				CLANG_ANALYZER_NUMBER_OBJECT_CONVERSION = YES_AGGRESSIVE;
				CLANG_CXX_LANGUAGE_STANDARD = "gnu++14";
				CLANG_CXX_LIBRARY = "libc++";
				CLANG_ENABLE_MODULES = YES;
				CLANG_ENABLE_OBJC_ARC = YES;
				CLANG_WARN_BLOCK_CAPTURE_AUTORELEASING = YES;
				CLANG_WARN_BOOL_CONVERSION = YES;
				CLANG_WARN_COMMA = YES;
				CLANG_WARN_CONSTANT_CONVERSION = YES;
				CLANG_WARN_DIRECT_OBJC_ISA_USAGE = YES_ERROR;
				CLANG_WARN_DOCUMENTATION_COMMENTS = YES;
				CLANG_WARN_EMPTY_BODY = YES;
				CLANG_WARN_ENUM_CONVERSION = YES;
				CLANG_WARN_INFINITE_RECURSION = YES;
				CLANG_WARN_INT_CONVERSION = YES;
				CLANG_WARN_NON_LITERAL_NULL_CONVERSION = YES;
				CLANG_WARN_OBJC_LITERAL_CONVERSION = YES;
				CLANG_WARN_OBJC_ROOT_CLASS = YES_ERROR;
				CLANG_WARN_RANGE_LOOP_ANALYSIS = YES;
				CLANG_WARN_STRICT_PROTOTYPES = YES;
				CLANG_WARN_SUSPICIOUS_MOVE = YES;
				CLANG_WARN_UNGUARDED_AVAILABILITY = YES_AGGRESSIVE;
				CLANG_WARN_UNREACHABLE_CODE = YES;
				CLANG_WARN__DUPLICATE_METHOD_MATCH = YES;
				CODE_SIGN_IDENTITY = "iPhone Developer";
				COPY_PHASE_STRIP = NO;
				DEBUG_INFORMATION_FORMAT = "dwarf-with-dsym";
				ENABLE_NS_ASSERTIONS = NO;
				ENABLE_STRICT_OBJC_MSGSEND = YES;
				GCC_C_LANGUAGE_STANDARD = gnu11;
				GCC_NO_COMMON_BLOCKS = YES;
				GCC_WARN_64_TO_32_BIT_CONVERSION = YES;
				GCC_WARN_ABOUT_RETURN_TYPE = YES_ERROR;
				GCC_WARN_UNDECLARED_SELECTOR = YES;
				GCC_WARN_UNINITIALIZED_AUTOS = YES_AGGRESSIVE;
				GCC_WARN_UNUSED_FUNCTION = YES;
				GCC_WARN_UNUSED_VARIABLE = YES;
				IPHONEOS_DEPLOYMENT_TARGET = 11.1;
				MTL_ENABLE_DEBUG_INFO = NO;
				SDKROOT = iphoneos;
				SWIFT_OPTIMIZATION_LEVEL = "-Owholemodule";
				VALIDATE_PRODUCT = YES;
			};
			name = Release;
		};
		6E4C6D7D2178980300BB7D97 /* Debug */ = {
			isa = XCBuildConfiguration;
			buildSettings = {
				ASSETCATALOG_COMPILER_APPICON_NAME = AppIcon;
				CODE_SIGN_STYLE = Automatic;
				INFOPLIST_FILE = CarousefigureSwift/Info.plist;
				LD_RUNPATH_SEARCH_PATHS = "$(inherited) @executable_path/Frameworks";
				PRODUCT_BUNDLE_IDENTIFIER = com.wenze.CarousefigureSwift;
				PRODUCT_NAME = "$(TARGET_NAME)";
				SWIFT_VERSION = 4.0;
				TARGETED_DEVICE_FAMILY = "1,2";
			};
			name = Debug;
		};
		6E4C6D7E2178980300BB7D97 /* Release */ = {
			isa = XCBuildConfiguration;
			buildSettings = {
				ASSETCATALOG_COMPILER_APPICON_NAME = AppIcon;
				CODE_SIGN_STYLE = Automatic;
				INFOPLIST_FILE = CarousefigureSwift/Info.plist;
				LD_RUNPATH_SEARCH_PATHS = "$(inherited) @executable_path/Frameworks";
				PRODUCT_BUNDLE_IDENTIFIER = com.wenze.CarousefigureSwift;
				PRODUCT_NAME = "$(TARGET_NAME)";
				SWIFT_VERSION = 4.0;
				TARGETED_DEVICE_FAMILY = "1,2";
			};
			name = Release;
		};
		6E4C6D802178980300BB7D97 /* Debug */ = {
			isa = XCBuildConfiguration;
			buildSettings = {
				ALWAYS_EMBED_SWIFT_STANDARD_LIBRARIES = YES;
				BUNDLE_LOADER = "$(TEST_HOST)";
				CODE_SIGN_STYLE = Automatic;
				INFOPLIST_FILE = CarousefigureSwiftTests/Info.plist;
				LD_RUNPATH_SEARCH_PATHS = "$(inherited) @executable_path/Frameworks @loader_path/Frameworks";
				PRODUCT_BUNDLE_IDENTIFIER = com.wenze.CarousefigureSwiftTests;
				PRODUCT_NAME = "$(TARGET_NAME)";
				SWIFT_VERSION = 4.0;
				TARGETED_DEVICE_FAMILY = "1,2";
				TEST_HOST = "$(BUILT_PRODUCTS_DIR)/CarousefigureSwift.app/CarousefigureSwift";
			};
			name = Debug;
		};
		6E4C6D812178980300BB7D97 /* Release */ = {
			isa = XCBuildConfiguration;
			buildSettings = {
				ALWAYS_EMBED_SWIFT_STANDARD_LIBRARIES = YES;
				BUNDLE_LOADER = "$(TEST_HOST)";
				CODE_SIGN_STYLE = Automatic;
				INFOPLIST_FILE = CarousefigureSwiftTests/Info.plist;
				LD_RUNPATH_SEARCH_PATHS = "$(inherited) @executable_path/Frameworks @loader_path/Frameworks";
				PRODUCT_BUNDLE_IDENTIFIER = com.wenze.CarousefigureSwiftTests;
				PRODUCT_NAME = "$(TARGET_NAME)";
				SWIFT_VERSION = 4.0;
				TARGETED_DEVICE_FAMILY = "1,2";
				TEST_HOST = "$(BUILT_PRODUCTS_DIR)/CarousefigureSwift.app/CarousefigureSwift";
			};
			name = Release;
		};
		6E4C6D832178980300BB7D97 /* Debug */ = {
			isa = XCBuildConfiguration;
			buildSettings = {
				ALWAYS_EMBED_SWIFT_STANDARD_LIBRARIES = YES;
				CODE_SIGN_STYLE = Automatic;
				INFOPLIST_FILE = CarousefigureSwiftUITests/Info.plist;
				LD_RUNPATH_SEARCH_PATHS = "$(inherited) @executable_path/Frameworks @loader_path/Frameworks";
				PRODUCT_BUNDLE_IDENTIFIER = com.wenze.CarousefigureSwiftUITests;
				PRODUCT_NAME = "$(TARGET_NAME)";
				SWIFT_VERSION = 4.0;
				TARGETED_DEVICE_FAMILY = "1,2";
				TEST_TARGET_NAME = CarousefigureSwift;
			};
			name = Debug;
		};
		6E4C6D842178980300BB7D97 /* Release */ = {
			isa = XCBuildConfiguration;
			buildSettings = {
				ALWAYS_EMBED_SWIFT_STANDARD_LIBRARIES = YES;
				CODE_SIGN_STYLE = Automatic;
				INFOPLIST_FILE = CarousefigureSwiftUITests/Info.plist;
				LD_RUNPATH_SEARCH_PATHS = "$(inherited) @executable_path/Frameworks @loader_path/Frameworks";
				PRODUCT_BUNDLE_IDENTIFIER = com.wenze.CarousefigureSwiftUITests;
				PRODUCT_NAME = "$(TARGET_NAME)";
				SWIFT_VERSION = 4.0;
				TARGETED_DEVICE_FAMILY = "1,2";
				TEST_TARGET_NAME = CarousefigureSwift;
			};
			name = Release;
		};
/* End XCBuildConfiguration section */

/* Begin XCConfigurationList section */
		6E4C6D4F2178980200BB7D97 /* Build configuration list for PBXProject "CarousefigureSwift" */ = {
			isa = XCConfigurationList;
			buildConfigurations = (
				6E4C6D7A2178980300BB7D97 /* Debug */,
				6E4C6D7B2178980300BB7D97 /* Release */,
			);
			defaultConfigurationIsVisible = 0;
			defaultConfigurationName = Release;
		};
		6E4C6D7C2178980300BB7D97 /* Build configuration list for PBXNativeTarget "CarousefigureSwift" */ = {
			isa = XCConfigurationList;
			buildConfigurations = (
				6E4C6D7D2178980300BB7D97 /* Debug */,
				6E4C6D7E2178980300BB7D97 /* Release */,
			);
			defaultConfigurationIsVisible = 0;
			defaultConfigurationName = Release;
		};
		6E4C6D7F2178980300BB7D97 /* Build configuration list for PBXNativeTarget "CarousefigureSwiftTests" */ = {
			isa = XCConfigurationList;
			buildConfigurations = (
				6E4C6D802178980300BB7D97 /* Debug */,
				6E4C6D812178980300BB7D97 /* Release */,
			);
			defaultConfigurationIsVisible = 0;
			defaultConfigurationName = Release;
		};
		6E4C6D822178980300BB7D97 /* Build configuration list for PBXNativeTarget "CarousefigureSwiftUITests" */ = {
			isa = XCConfigurationList;
			buildConfigurations = (
				6E4C6D832178980300BB7D97 /* Debug */,
				6E4C6D842178980300BB7D97 /* Release */,
			);
			defaultConfigurationIsVisible = 0;
			defaultConfigurationName = Release;
		};
/* End XCConfigurationList section */
	};
	rootObject = 6E4C6D4C2178980200BB7D97 /* Project object */;
}
